
Microsoft Visual Studio Solution File, Format Version 12.00
# Visual Studio Version 17
VisualStudioVersion = 17.5.33424.131
MinimumVisualStudioVersion = 10.0.40219.1
Project("{FAE04EC0-301F-11D3-BF4B-00C04F79EFBC}") = "KPSAPLunch", "KPSAPLunch\KPSAPLunch.csproj", "{10577FD2-3E13-4F23-B821-211B5EBEE7A1}"
EndProject
Global
	GlobalSection(SolutionConfigurationPlatforms) = preSolution
		Debug|Any CPU = Debug|Any CPU
		deploy|Any CPU = deploy|Any CPU
		Release|Any CPU = Release|Any CPU
	EndGlobalSection
	GlobalSection(ProjectConfigurationPlatforms) = postSolution
		{10577FD2-3E13-4F23-B821-211B5EBEE7A1}.Debug|Any CPU.ActiveCfg = Debug|Any CPU
		{10577FD2-3E13-4F23-B821-211B5EBEE7A1}.Debug|Any CPU.Build.0 = Debug|Any CPU
		{10577FD2-3E13-4F23-B821-211B5EBEE7A1}.deploy|Any CPU.ActiveCfg = Release|Any CPU
		{10577FD2-3E13-4F23-B821-211B5EBEE7A1}.deploy|Any CPU.Build.0 = Release|Any CPU
		{10577FD2-3E13-4F23-B821-211B5EBEE7A1}.Release|Any CPU.ActiveCfg = Release|Any CPU
		{10577FD2-3E13-4F23-B821-211B5EBEE7A1}.Release|Any CPU.Build.0 = Release|Any CPU
	EndGlobalSection
	GlobalSection(SolutionProperties) = preSolution
		HideSolutionNode = FALSE
	EndGlobalSection
	GlobalSection(ExtensibilityGlobals) = postSolution
		SolutionGuid = {DD4E5243-F73D-46D4-82BB-EE39EA2B13AF}
	EndGlobalSection
EndGlobal
